
Microsoft Visual Studio Solution File, Format Version 12.00
# Visual Studio Version 17
VisualStudioVersion = 17.2.32616.157
MinimumVisualStudioVersion = 10.0.40219.1
Project("{FAE04EC0-301F-11D3-BF4B-00C04F79EFBC}") = "SlotMachine", "SlotMachine\SlotMachine.csproj", "{3E5059A8-6D00-45A6-8926-0672AE576AF6}"
EndProject
Global
	GlobalSection(SolutionConfigurationPlatforms) = preSolution
		Debug|Any CPU = Debug|Any CPU
		Release|Any CPU = Release|Any CPU
	EndGlobalSection
	GlobalSection(ProjectConfigurationPlatforms) = postSolution
		{3E5059A8-6D00-45A6-8926-0672AE576AF6}.Debug|Any CPU.ActiveCfg = Debug|Any CPU
		{3E5059A8-6D00-45A6-8926-0672AE576AF6}.Debug|Any CPU.Build.0 = Debug|Any CPU
		{3E5059A8-6D00-45A6-8926-0672AE576AF6}.Release|Any CPU.ActiveCfg = Release|Any CPU
		{3E5059A8-6D00-45A6-8926-0672AE576AF6}.Release|Any CPU.Build.0 = Release|Any CPU
	EndGlobalSection
	GlobalSection(SolutionProperties) = preSolution
		HideSolutionNode = FALSE
	EndGlobalSection
	GlobalSection(ExtensibilityGlobals) = postSolution
		SolutionGuid = {FD84F5C4-6529-4235-90D3-82ADDB0CD7B6}
	EndGlobalSection
EndGlobal
